
Microsoft Visual Studio Solution File, Format Version 12.00
# Visual Studio Version 17
VisualStudioVersion = 17.4.33213.308
MinimumVisualStudioVersion = 10.0.40219.1
Project("{FAE04EC0-301F-11D3-BF4B-00C04F79EFBC}") = "LogicalQuestion_1", "LogicalQuestion_1\LogicalQuestion_1.csproj", "{867EDE96-CB74-45B3-9D3C-1BEE3874B97E}"
EndProject
Global
	GlobalSection(SolutionConfigurationPlatforms) = preSolution
		Debug|Any CPU = Debug|Any CPU
		Release|Any CPU = Release|Any CPU
	EndGlobalSection
	GlobalSection(ProjectConfigurationPlatforms) = postSolution
		{867EDE96-CB74-45B3-9D3C-1BEE3874B97E}.Debug|Any CPU.ActiveCfg = Debug|Any CPU
		{867EDE96-CB74-45B3-9D3C-1BEE3874B97E}.Debug|Any CPU.Build.0 = Debug|Any CPU
		{867EDE96-CB74-45B3-9D3C-1BEE3874B97E}.Release|Any CPU.ActiveCfg = Release|Any CPU
		{867EDE96-CB74-45B3-9D3C-1BEE3874B97E}.Release|Any CPU.Build.0 = Release|Any CPU
	EndGlobalSection
	GlobalSection(SolutionProperties) = preSolution
		HideSolutionNode = FALSE
	EndGlobalSection
	GlobalSection(ExtensibilityGlobals) = postSolution
		SolutionGuid = {8849DA40-8946-498A-A65F-1949C12A7963}
	EndGlobalSection
EndGlobal
