
Microsoft Visual Studio Solution File, Format Version 12.00
# Visual Studio Version 17
VisualStudioVersion = 17.4.33213.308
MinimumVisualStudioVersion = 10.0.40219.1
Project("{FAE04EC0-301F-11D3-BF4B-00C04F79EFBC}") = "LogicalQuestion_8", "LogicalQuestion_8\LogicalQuestion_8.csproj", "{FF21B55E-92EE-404E-BCFB-8B81D9018368}"
EndProject
Global
	GlobalSection(SolutionConfigurationPlatforms) = preSolution
		Debug|Any CPU = Debug|Any CPU
		Release|Any CPU = Release|Any CPU
	EndGlobalSection
	GlobalSection(ProjectConfigurationPlatforms) = postSolution
		{FF21B55E-92EE-404E-BCFB-8B81D9018368}.Debug|Any CPU.ActiveCfg = Debug|Any CPU
		{FF21B55E-92EE-404E-BCFB-8B81D9018368}.Debug|Any CPU.Build.0 = Debug|Any CPU
		{FF21B55E-92EE-404E-BCFB-8B81D9018368}.Release|Any CPU.ActiveCfg = Release|Any CPU
		{FF21B55E-92EE-404E-BCFB-8B81D9018368}.Release|Any CPU.Build.0 = Release|Any CPU
	EndGlobalSection
	GlobalSection(SolutionProperties) = preSolution
		HideSolutionNode = FALSE
	EndGlobalSection
	GlobalSection(ExtensibilityGlobals) = postSolution
		SolutionGuid = {13291E15-B47F-4597-BE7E-7F9FDEC4550F}
	EndGlobalSection
EndGlobal
