
Microsoft Visual Studio Solution File, Format Version 12.00
# Visual Studio Version 17
VisualStudioVersion = 17.4.33213.308
MinimumVisualStudioVersion = 10.0.40219.1
Project("{FAE04EC0-301F-11D3-BF4B-00C04F79EFBC}") = "Intrface_28", "Intrface_28\Intrface_28.csproj", "{EAEAB433-1C7D-4867-9E20-0E7E9EDE830C}"
EndProject
Global
	GlobalSection(SolutionConfigurationPlatforms) = preSolution
		Debug|Any CPU = Debug|Any CPU
		Release|Any CPU = Release|Any CPU
	EndGlobalSection
	GlobalSection(ProjectConfigurationPlatforms) = postSolution
		{EAEAB433-1C7D-4867-9E20-0E7E9EDE830C}.Debug|Any CPU.ActiveCfg = Debug|Any CPU
		{EAEAB433-1C7D-4867-9E20-0E7E9EDE830C}.Debug|Any CPU.Build.0 = Debug|Any CPU
		{EAEAB433-1C7D-4867-9E20-0E7E9EDE830C}.Release|Any CPU.ActiveCfg = Release|Any CPU
		{EAEAB433-1C7D-4867-9E20-0E7E9EDE830C}.Release|Any CPU.Build.0 = Release|Any CPU
	EndGlobalSection
	GlobalSection(SolutionProperties) = preSolution
		HideSolutionNode = FALSE
	EndGlobalSection
	GlobalSection(ExtensibilityGlobals) = postSolution
		SolutionGuid = {AB8BA1C6-424F-401C-A779-F6C8A57CB062}
	EndGlobalSection
EndGlobal
