
Microsoft Visual Studio Solution File, Format Version 12.00
# Visual Studio Version 17
VisualStudioVersion = 17.4.33213.308
MinimumVisualStudioVersion = 10.0.40219.1
Project("{FAE04EC0-301F-11D3-BF4B-00C04F79EFBC}") = "LogicalQuestion_5", "LogicalQuestion_5\LogicalQuestion_5.csproj", "{DD167C4A-8564-44A8-BD93-94BD20F745F6}"
EndProject
Global
	GlobalSection(SolutionConfigurationPlatforms) = preSolution
		Debug|Any CPU = Debug|Any CPU
		Release|Any CPU = Release|Any CPU
	EndGlobalSection
	GlobalSection(ProjectConfigurationPlatforms) = postSolution
		{DD167C4A-8564-44A8-BD93-94BD20F745F6}.Debug|Any CPU.ActiveCfg = Debug|Any CPU
		{DD167C4A-8564-44A8-BD93-94BD20F745F6}.Debug|Any CPU.Build.0 = Debug|Any CPU
		{DD167C4A-8564-44A8-BD93-94BD20F745F6}.Release|Any CPU.ActiveCfg = Release|Any CPU
		{DD167C4A-8564-44A8-BD93-94BD20F745F6}.Release|Any CPU.Build.0 = Release|Any CPU
	EndGlobalSection
	GlobalSection(SolutionProperties) = preSolution
		HideSolutionNode = FALSE
	EndGlobalSection
	GlobalSection(ExtensibilityGlobals) = postSolution
		SolutionGuid = {1403DF43-7F4D-417F-B69B-3AABF380A0F0}
	EndGlobalSection
EndGlobal
