
Microsoft Visual Studio Solution File, Format Version 12.00
# Visual Studio Version 17
VisualStudioVersion = 17.4.33213.308
MinimumVisualStudioVersion = 10.0.40219.1
Project("{FAE04EC0-301F-11D3-BF4B-00C04F79EFBC}") = "LogicalQuestion_9", "LogicalQuestion_9\LogicalQuestion_9.csproj", "{64C0C1E6-5A86-44E9-9737-CB3DC85E4606}"
EndProject
Global
	GlobalSection(SolutionConfigurationPlatforms) = preSolution
		Debug|Any CPU = Debug|Any CPU
		Release|Any CPU = Release|Any CPU
	EndGlobalSection
	GlobalSection(ProjectConfigurationPlatforms) = postSolution
		{64C0C1E6-5A86-44E9-9737-CB3DC85E4606}.Debug|Any CPU.ActiveCfg = Debug|Any CPU
		{64C0C1E6-5A86-44E9-9737-CB3DC85E4606}.Debug|Any CPU.Build.0 = Debug|Any CPU
		{64C0C1E6-5A86-44E9-9737-CB3DC85E4606}.Release|Any CPU.ActiveCfg = Release|Any CPU
		{64C0C1E6-5A86-44E9-9737-CB3DC85E4606}.Release|Any CPU.Build.0 = Release|Any CPU
	EndGlobalSection
	GlobalSection(SolutionProperties) = preSolution
		HideSolutionNode = FALSE
	EndGlobalSection
	GlobalSection(ExtensibilityGlobals) = postSolution
		SolutionGuid = {71444636-F338-4217-9EDB-C424DF1C5CE6}
	EndGlobalSection
EndGlobal
